
Microsoft Visual Studio Solution File, Format Version 12.00
# Visual Studio Version 16
VisualStudioVersion = 16.0.33027.164
MinimumVisualStudioVersion = 10.0.40219.1
Project("{FAE04EC0-301F-11D3-BF4B-00C04F79EFBC}") = "Car park ticketing", "Car park ticketing.csproj", "{87BF9557-068E-4FC3-A145-5C835DBDB017}"
EndProject
Global
	GlobalSection(SolutionConfigurationPlatforms) = preSolution
		Debug|Any CPU = Debug|Any CPU
		Release|Any CPU = Release|Any CPU
	EndGlobalSection
	GlobalSection(ProjectConfigurationPlatforms) = postSolution
		{87BF9557-068E-4FC3-A145-5C835DBDB017}.Debug|Any CPU.ActiveCfg = Debug|Any CPU
		{87BF9557-068E-4FC3-A145-5C835DBDB017}.Debug|Any CPU.Build.0 = Debug|Any CPU
		{87BF9557-068E-4FC3-A145-5C835DBDB017}.Release|Any CPU.ActiveCfg = Release|Any CPU
		{87BF9557-068E-4FC3-A145-5C835DBDB017}.Release|Any CPU.Build.0 = Release|Any CPU
	EndGlobalSection
	GlobalSection(SolutionProperties) = preSolution
		HideSolutionNode = FALSE
	EndGlobalSection
	GlobalSection(ExtensibilityGlobals) = postSolution
		SolutionGuid = {F658A9D6-BA1F-41A3-AEB1-74200E933B13}
	EndGlobalSection
EndGlobal
